// !$*UTF8*$!
{
	archiveVersion = 1;
	classes = {
	};
	objectVersion = 56;
	objects = {

/* Begin PBXBuildFile section */
		B3B9EB1F2AC3EB9400FB0D0C /* KTPinBlockSampleApp.swift in Sources */ = {isa = PBXBuildFile; fileRef = B3B9EB1E2AC3EB9400FB0D0C /* KTPinBlockSampleApp.swift */; };
		B3B9EB212AC3EB9400FB0D0C /* ContentView.swift in Sources */ = {isa = PBXBuildFile; fileRef = B3B9EB202AC3EB9400FB0D0C /* ContentView.swift */; };
		B3B9EB232AC3EB9700FB0D0C /* Assets.xcassets in Resources */ = {isa = PBXBuildFile; fileRef = B3B9EB222AC3EB9700FB0D0C /* Assets.xcassets */; };
		B3B9EB272AC3EB9700FB0D0C /* Preview Assets.xcassets in Resources */ = {isa = PBXBuildFile; fileRef = B3B9EB262AC3EB9700FB0D0C /* Preview Assets.xcassets */; };
		B3B9EB312AC3EB9700FB0D0C /* KTPinBlockSampleTests.swift in Sources */ = {isa = PBXBuildFile; fileRef = B3B9EB302AC3EB9700FB0D0C /* KTPinBlockSampleTests.swift */; };
		B3B9EB3B2AC3EB9700FB0D0C /* KTPinBlockSampleUITests.swift in Sources */ = {isa = PBXBuildFile; fileRef = B3B9EB3A2AC3EB9700FB0D0C /* KTPinBlockSampleUITests.swift */; };
		B3B9EB3D2AC3EB9700FB0D0C /* KTPinBlockSampleUITestsLaunchTests.swift in Sources */ = {isa = PBXBuildFile; fileRef = B3B9EB3C2AC3EB9700FB0D0C /* KTPinBlockSampleUITestsLaunchTests.swift */; };
		DCB439C19C3D3734A4ADCFB2 /* Pods_KTPinBlockSample.framework in Frameworks */ = {isa = PBXBuildFile; fileRef = C21F87E1BBDEDA501A14FD1A /* Pods_KTPinBlockSample.framework */; };
/* End PBXBuildFile section */

/* Begin PBXContainerItemProxy section */
		B3B9EB2D2AC3EB9700FB0D0C /* PBXContainerItemProxy */ = {
			isa = PBXContainerItemProxy;
			containerPortal = B3B9EB132AC3EB9400FB0D0C /* Project object */;
			proxyType = 1;
			remoteGlobalIDString = B3B9EB1A2AC3EB9400FB0D0C;
			remoteInfo = KTPinBlockSample;
		};
		B3B9EB372AC3EB9700FB0D0C /* PBXContainerItemProxy */ = {
			isa = PBXContainerItemProxy;
			containerPortal = B3B9EB132AC3EB9400FB0D0C /* Project object */;
			proxyType = 1;
			remoteGlobalIDString = B3B9EB1A2AC3EB9400FB0D0C;
			remoteInfo = KTPinBlockSample;
		};
/* End PBXContainerItemProxy section */

/* Begin PBXFileReference section */
		04CAE6FC71299A00BA744EA9 /* Pods-KTPinBlockSample.debug.xcconfig */ = {isa = PBXFileReference; includeInIndex = 1; lastKnownFileType = text.xcconfig; name = "Pods-KTPinBlockSample.debug.xcconfig"; path = "Target Support Files/Pods-KTPinBlockSample/Pods-KTPinBlockSample.debug.xcconfig"; sourceTree = "<group>"; };
		B3B9EB1B2AC3EB9400FB0D0C /* KTPinBlockSample.app */ = {isa = PBXFileReference; explicitFileType = wrapper.application; includeInIndex = 0; path = KTPinBlockSample.app; sourceTree = BUILT_PRODUCTS_DIR; };
		B3B9EB1E2AC3EB9400FB0D0C /* KTPinBlockSampleApp.swift */ = {isa = PBXFileReference; lastKnownFileType = sourcecode.swift; path = KTPinBlockSampleApp.swift; sourceTree = "<group>"; };
		B3B9EB202AC3EB9400FB0D0C /* ContentView.swift */ = {isa = PBXFileReference; lastKnownFileType = sourcecode.swift; path = ContentView.swift; sourceTree = "<group>"; };
		B3B9EB222AC3EB9700FB0D0C /* Assets.xcassets */ = {isa = PBXFileReference; lastKnownFileType = folder.assetcatalog; path = Assets.xcassets; sourceTree = "<group>"; };
		B3B9EB242AC3EB9700FB0D0C /* KTPinBlockSample.entitlements */ = {isa = PBXFileReference; lastKnownFileType = text.plist.entitlements; path = KTPinBlockSample.entitlements; sourceTree = "<group>"; };
		B3B9EB262AC3EB9700FB0D0C /* Preview Assets.xcassets */ = {isa = PBXFileReference; lastKnownFileType = folder.assetcatalog; path = "Preview Assets.xcassets"; sourceTree = "<group>"; };
		B3B9EB2C2AC3EB9700FB0D0C /* KTPinBlockSampleTests.xctest */ = {isa = PBXFileReference; explicitFileType = wrapper.cfbundle; includeInIndex = 0; path = KTPinBlockSampleTests.xctest; sourceTree = BUILT_PRODUCTS_DIR; };
		B3B9EB302AC3EB9700FB0D0C /* KTPinBlockSampleTests.swift */ = {isa = PBXFileReference; lastKnownFileType = sourcecode.swift; path = KTPinBlockSampleTests.swift; sourceTree = "<group>"; };
		B3B9EB362AC3EB9700FB0D0C /* KTPinBlockSampleUITests.xctest */ = {isa = PBXFileReference; explicitFileType = wrapper.cfbundle; includeInIndex = 0; path = KTPinBlockSampleUITests.xctest; sourceTree = BUILT_PRODUCTS_DIR; };
		B3B9EB3A2AC3EB9700FB0D0C /* KTPinBlockSampleUITests.swift */ = {isa = PBXFileReference; lastKnownFileType = sourcecode.swift; path = KTPinBlockSampleUITests.swift; sourceTree = "<group>"; };
		B3B9EB3C2AC3EB9700FB0D0C /* KTPinBlockSampleUITestsLaunchTests.swift */ = {isa = PBXFileReference; lastKnownFileType = sourcecode.swift; path = KTPinBlockSampleUITestsLaunchTests.swift; sourceTree = "<group>"; };
		C21F87E1BBDEDA501A14FD1A /* Pods_KTPinBlockSample.framework */ = {isa = PBXFileReference; explicitFileType = wrapper.framework; includeInIndex = 0; path = Pods_KTPinBlockSample.framework; sourceTree = BUILT_PRODUCTS_DIR; };
		E53F794492F14AF47A79A541 /* Pods-KTPinBlockSample.release.xcconfig */ = {isa = PBXFileReference; includeInIndex = 1; lastKnownFileType = text.xcconfig; name = "Pods-KTPinBlockSample.release.xcconfig"; path = "Target Support Files/Pods-KTPinBlockSample/Pods-KTPinBlockSample.release.xcconfig"; sourceTree = "<group>"; };
/* End PBXFileReference section */

/* Begin PBXFrameworksBuildPhase section */
		B3B9EB182AC3EB9400FB0D0C /* Frameworks */ = {
			isa = PBXFrameworksBuildPhase;
			buildActionMask = 2147483647;
			files = (
				DCB439C19C3D3734A4ADCFB2 /* Pods_KTPinBlockSample.framework in Frameworks */,
			);
			runOnlyForDeploymentPostprocessing = 0;
		};
		B3B9EB292AC3EB9700FB0D0C /* Frameworks */ = {
			isa = PBXFrameworksBuildPhase;
			buildActionMask = 2147483647;
			files = (
			);
			runOnlyForDeploymentPostprocessing = 0;
		};
		B3B9EB332AC3EB9700FB0D0C /* Frameworks */ = {
			isa = PBXFrameworksBuildPhase;
			buildActionMask = 2147483647;
			files = (
			);
			runOnlyForDeploymentPostprocessing = 0;
		};
/* End PBXFrameworksBuildPhase section */

/* Begin PBXGroup section */
		9F00CB9499F3B7E07B02AC22 /* Frameworks */ = {
			isa = PBXGroup;
			children = (
				C21F87E1BBDEDA501A14FD1A /* Pods_KTPinBlockSample.framework */,
			);
			name = Frameworks;
			sourceTree = "<group>";
		};
		B07F29D94B0CBB240A526739 /* Pods */ = {
			isa = PBXGroup;
			children = (
				04CAE6FC71299A00BA744EA9 /* Pods-KTPinBlockSample.debug.xcconfig */,
				E53F794492F14AF47A79A541 /* Pods-KTPinBlockSample.release.xcconfig */,
			);
			name = Pods;
			path = Pods;
			sourceTree = "<group>";
		};
		B3B9EB122AC3EB9400FB0D0C = {
			isa = PBXGroup;
			children = (
				B3B9EB1D2AC3EB9400FB0D0C /* KTPinBlockSample */,
				B3B9EB2F2AC3EB9700FB0D0C /* KTPinBlockSampleTests */,
				B3B9EB392AC3EB9700FB0D0C /* KTPinBlockSampleUITests */,
				B3B9EB1C2AC3EB9400FB0D0C /* Products */,
				B07F29D94B0CBB240A526739 /* Pods */,
				9F00CB9499F3B7E07B02AC22 /* Frameworks */,
			);
			sourceTree = "<group>";
		};
		B3B9EB1C2AC3EB9400FB0D0C /* Products */ = {
			isa = PBXGroup;
			children = (
				B3B9EB1B2AC3EB9400FB0D0C /* KTPinBlockSample.app */,
				B3B9EB2C2AC3EB9700FB0D0C /* KTPinBlockSampleTests.xctest */,
				B3B9EB362AC3EB9700FB0D0C /* KTPinBlockSampleUITests.xctest */,
			);
			name = Products;
			sourceTree = "<group>";
		};
		B3B9EB1D2AC3EB9400FB0D0C /* KTPinBlockSample */ = {
			isa = PBXGroup;
			children = (
				B3B9EB1E2AC3EB9400FB0D0C /* KTPinBlockSampleApp.swift */,
				B3B9EB202AC3EB9400FB0D0C /* ContentView.swift */,
				B3B9EB222AC3EB9700FB0D0C /* Assets.xcassets */,
				B3B9EB242AC3EB9700FB0D0C /* KTPinBlockSample.entitlements */,
				B3B9EB252AC3EB9700FB0D0C /* Preview Content */,
			);
			path = KTPinBlockSample;
			sourceTree = "<group>";
		};
		B3B9EB252AC3EB9700FB0D0C /* Preview Content */ = {
			isa = PBXGroup;
			children = (
				B3B9EB262AC3EB9700FB0D0C /* Preview Assets.xcassets */,
			);
			path = "Preview Content";
			sourceTree = "<group>";
		};
		B3B9EB2F2AC3EB9700FB0D0C /* KTPinBlockSampleTests */ = {
			isa = PBXGroup;
			children = (
				B3B9EB302AC3EB9700FB0D0C /* KTPinBlockSampleTests.swift */,
			);
			path = KTPinBlockSampleTests;
			sourceTree = "<group>";
		};
		B3B9EB392AC3EB9700FB0D0C /* KTPinBlockSampleUITests */ = {
			isa = PBXGroup;
			children = (
				B3B9EB3A2AC3EB9700FB0D0C /* KTPinBlockSampleUITests.swift */,
				B3B9EB3C2AC3EB9700FB0D0C /* KTPinBlockSampleUITestsLaunchTests.swift */,
			);
			path = KTPinBlockSampleUITests;
			sourceTree = "<group>";
		};
/* End PBXGroup section */

/* Begin PBXNativeTarget section */
		B3B9EB1A2AC3EB9400FB0D0C /* KTPinBlockSample */ = {
			isa = PBXNativeTarget;
			buildConfigurationList = B3B9EB402AC3EB9700FB0D0C /* Build configuration list for PBXNativeTarget "KTPinBlockSample" */;
			buildPhases = (
				1C696B1E30E97CA85B9CB171 /* [CP] Check Pods Manifest.lock */,
				B3B9EB172AC3EB9400FB0D0C /* Sources */,
				B3B9EB182AC3EB9400FB0D0C /* Frameworks */,
				B3B9EB192AC3EB9400FB0D0C /* Resources */,
				04E00309D1A428C6A581E7E1 /* [CP] Embed Pods Frameworks */,
			);
			buildRules = (
			);
			dependencies = (
			);
			name = KTPinBlockSample;
			productName = KTPinBlockSample;
			productReference = B3B9EB1B2AC3EB9400FB0D0C /* KTPinBlockSample.app */;
			productType = "com.apple.product-type.application";
		};
		B3B9EB2B2AC3EB9700FB0D0C /* KTPinBlockSampleTests */ = {
			isa = PBXNativeTarget;
			buildConfigurationList = B3B9EB432AC3EB9700FB0D0C /* Build configuration list for PBXNativeTarget "KTPinBlockSampleTests" */;
			buildPhases = (
				B3B9EB282AC3EB9700FB0D0C /* Sources */,
				B3B9EB292AC3EB9700FB0D0C /* Frameworks */,
				B3B9EB2A2AC3EB9700FB0D0C /* Resources */,
			);
			buildRules = (
			);
			dependencies = (
				B3B9EB2E2AC3EB9700FB0D0C /* PBXTargetDependency */,
			);
			name = KTPinBlockSampleTests;
			productName = KTPinBlockSampleTests;
			productReference = B3B9EB2C2AC3EB9700FB0D0C /* KTPinBlockSampleTests.xctest */;
			productType = "com.apple.product-type.bundle.unit-test";
		};
		B3B9EB352AC3EB9700FB0D0C /* KTPinBlockSampleUITests */ = {
			isa = PBXNativeTarget;
			buildConfigurationList = B3B9EB462AC3EB9700FB0D0C /* Build configuration list for PBXNativeTarget "KTPinBlockSampleUITests" */;
			buildPhases = (
				B3B9EB322AC3EB9700FB0D0C /* Sources */,
				B3B9EB332AC3EB9700FB0D0C /* Frameworks */,
				B3B9EB342AC3EB9700FB0D0C /* Resources */,
			);
			buildRules = (
			);
			dependencies = (
				B3B9EB382AC3EB9700FB0D0C /* PBXTargetDependency */,
			);
			name = KTPinBlockSampleUITests;
			productName = KTPinBlockSampleUITests;
			productReference = B3B9EB362AC3EB9700FB0D0C /* KTPinBlockSampleUITests.xctest */;
			productType = "com.apple.product-type.bundle.ui-testing";
		};
/* End PBXNativeTarget section */

/* Begin PBXProject section */
		B3B9EB132AC3EB9400FB0D0C /* Project object */ = {
			isa = PBXProject;
			attributes = {
				BuildIndependentTargetsInParallel = 1;
				LastSwiftUpdateCheck = 1430;
				LastUpgradeCheck = 1430;
				TargetAttributes = {
					B3B9EB1A2AC3EB9400FB0D0C = {
						CreatedOnToolsVersion = 14.3.1;
					};
					B3B9EB2B2AC3EB9700FB0D0C = {
						CreatedOnToolsVersion = 14.3.1;
						TestTargetID = B3B9EB1A2AC3EB9400FB0D0C;
					};
					B3B9EB352AC3EB9700FB0D0C = {
						CreatedOnToolsVersion = 14.3.1;
						TestTargetID = B3B9EB1A2AC3EB9400FB0D0C;
					};
				};
			};
			buildConfigurationList = B3B9EB162AC3EB9400FB0D0C /* Build configuration list for PBXProject "KTPinBlockSample" */;
			compatibilityVersion = "Xcode 14.0";
			developmentRegion = en;
			hasScannedForEncodings = 0;
			knownRegions = (
				en,
				Base,
			);
			mainGroup = B3B9EB122AC3EB9400FB0D0C;
			productRefGroup = B3B9EB1C2AC3EB9400FB0D0C /* Products */;
			projectDirPath = "";
			projectRoot = "";
			targets = (
				B3B9EB1A2AC3EB9400FB0D0C /* KTPinBlockSample */,
				B3B9EB2B2AC3EB9700FB0D0C /* KTPinBlockSampleTests */,
				B3B9EB352AC3EB9700FB0D0C /* KTPinBlockSampleUITests */,
			);
		};
/* End PBXProject section */

/* Begin PBXResourcesBuildPhase section */
		B3B9EB192AC3EB9400FB0D0C /* Resources */ = {
			isa = PBXResourcesBuildPhase;
			buildActionMask = 2147483647;
			files = (
				B3B9EB272AC3EB9700FB0D0C /* Preview Assets.xcassets in Resources */,
				B3B9EB232AC3EB9700FB0D0C /* Assets.xcassets in Resources */,
			);
			runOnlyForDeploymentPostprocessing = 0;
		};
		B3B9EB2A2AC3EB9700FB0D0C /* Resources */ = {
			isa = PBXResourcesBuildPhase;
			buildActionMask = 2147483647;
			files = (
			);
			runOnlyForDeploymentPostprocessing = 0;
		};
		B3B9EB342AC3EB9700FB0D0C /* Resources */ = {
			isa = PBXResourcesBuildPhase;
			buildActionMask = 2147483647;
			files = (
			);
			runOnlyForDeploymentPostprocessing = 0;
		};
/* End PBXResourcesBuildPhase section */

/* Begin PBXShellScriptBuildPhase section */
		04E00309D1A428C6A581E7E1 /* [CP] Embed Pods Frameworks */ = {
			isa = PBXShellScriptBuildPhase;
			buildActionMask = 2147483647;
			files = (
			);
			inputFileListPaths = (
				"${PODS_ROOT}/Target Support Files/Pods-KTPinBlockSample/Pods-KTPinBlockSample-frameworks-${CONFIGURATION}-input-files.xcfilelist",
			);
			name = "[CP] Embed Pods Frameworks";
			outputFileListPaths = (
				"${PODS_ROOT}/Target Support Files/Pods-KTPinBlockSample/Pods-KTPinBlockSample-frameworks-${CONFIGURATION}-output-files.xcfilelist",
			);
			runOnlyForDeploymentPostprocessing = 0;
			shellPath = /bin/sh;
			shellScript = "\"${PODS_ROOT}/Target Support Files/Pods-KTPinBlockSample/Pods-KTPinBlockSample-frameworks.sh\"\n";
			showEnvVarsInLog = 0;
		};
		1C696B1E30E97CA85B9CB171 /* [CP] Check Pods Manifest.lock */ = {
			isa = PBXShellScriptBuildPhase;
			buildActionMask = 2147483647;
			files = (
			);
			inputFileListPaths = (
			);
			inputPaths = (
				"${PODS_PODFILE_DIR_PATH}/Podfile.lock",
				"${PODS_ROOT}/Manifest.lock",
			);
			name = "[CP] Check Pods Manifest.lock";
			outputFileListPaths = (
			);
			outputPaths = (
				"$(DERIVED_FILE_DIR)/Pods-KTPinBlockSample-checkManifestLockResult.txt",
			);
			runOnlyForDeploymentPostprocessing = 0;
			shellPath = /bin/sh;
			shellScript = "diff \"${PODS_PODFILE_DIR_PATH}/Podfile.lock\" \"${PODS_ROOT}/Manifest.lock\" > /dev/null\nif [ $? != 0 ] ; then\n    # print error to STDERR\n    echo \"error: The sandbox is not in sync with the Podfile.lock. Run 'pod install' or update your CocoaPods installation.\" >&2\n    exit 1\nfi\n# This output is used by Xcode 'outputs' to avoid re-running this script phase.\necho \"SUCCESS\" > \"${SCRIPT_OUTPUT_FILE_0}\"\n";
			showEnvVarsInLog = 0;
		};
/* End PBXShellScriptBuildPhase section */

/* Begin PBXSourcesBuildPhase section */
		B3B9EB172AC3EB9400FB0D0C /* Sources */ = {
			isa = PBXSourcesBuildPhase;
			buildActionMask = 2147483647;
			files = (
				B3B9EB212AC3EB9400FB0D0C /* ContentView.swift in Sources */,
				B3B9EB1F2AC3EB9400FB0D0C /* KTPinBlockSampleApp.swift in Sources */,
			);
			runOnlyForDeploymentPostprocessing = 0;
		};
		B3B9EB282AC3EB9700FB0D0C /* Sources */ = {
			isa = PBXSourcesBuildPhase;
			buildActionMask = 2147483647;
			files = (
				B3B9EB312AC3EB9700FB0D0C /* KTPinBlockSampleTests.swift in Sources */,
			);
			runOnlyForDeploymentPostprocessing = 0;
		};
		B3B9EB322AC3EB9700FB0D0C /* Sources */ = {
			isa = PBXSourcesBuildPhase;
			buildActionMask = 2147483647;
			files = (
				B3B9EB3B2AC3EB9700FB0D0C /* KTPinBlockSampleUITests.swift in Sources */,
				B3B9EB3D2AC3EB9700FB0D0C /* KTPinBlockSampleUITestsLaunchTests.swift in Sources */,
			);
			runOnlyForDeploymentPostprocessing = 0;
		};
/* End PBXSourcesBuildPhase section */

/* Begin PBXTargetDependency section */
		B3B9EB2E2AC3EB9700FB0D0C /* PBXTargetDependency */ = {
			isa = PBXTargetDependency;
			target = B3B9EB1A2AC3EB9400FB0D0C /* KTPinBlockSample */;
			targetProxy = B3B9EB2D2AC3EB9700FB0D0C /* PBXContainerItemProxy */;
		};
		B3B9EB382AC3EB9700FB0D0C /* PBXTargetDependency */ = {
			isa = PBXTargetDependency;
			target = B3B9EB1A2AC3EB9400FB0D0C /* KTPinBlockSample */;
			targetProxy = B3B9EB372AC3EB9700FB0D0C /* PBXContainerItemProxy */;
		};
/* End PBXTargetDependency section */

/* Begin XCBuildConfiguration section */
		B3B9EB3E2AC3EB9700FB0D0C /* Debug */ = {
			isa = XCBuildConfiguration;
			buildSettings = {
				ALWAYS_SEARCH_USER_PATHS = NO;
				CLANG_ANALYZER_NONNULL = YES;
				CLANG_ANALYZER_NUMBER_OBJECT_CONVERSION = YES_AGGRESSIVE;
				CLANG_CXX_LANGUAGE_STANDARD = "gnu++20";
				CLANG_ENABLE_MODULES = YES;
				CLANG_ENABLE_OBJC_ARC = YES;
				CLANG_ENABLE_OBJC_WEAK = YES;
				CLANG_WARN_BLOCK_CAPTURE_AUTORELEASING = YES;
				CLANG_WARN_BOOL_CONVERSION = YES;
				CLANG_WARN_COMMA = YES;
				CLANG_WARN_CONSTANT_CONVERSION = YES;
				CLANG_WARN_DEPRECATED_OBJC_IMPLEMENTATIONS = YES;
				CLANG_WARN_DIRECT_OBJC_ISA_USAGE = YES_ERROR;
				CLANG_WARN_DOCUMENTATION_COMMENTS = YES;
				CLANG_WARN_EMPTY_BODY = YES;
				CLANG_WARN_ENUM_CONVERSION = YES;
				CLANG_WARN_INFINITE_RECURSION = YES;
				CLANG_WARN_INT_CONVERSION = YES;
				CLANG_WARN_NON_LITERAL_NULL_CONVERSION = YES;
				CLANG_WARN_OBJC_IMPLICIT_RETAIN_SELF = YES;
				CLANG_WARN_OBJC_LITERAL_CONVERSION = YES;
				CLANG_WARN_OBJC_ROOT_CLASS = YES_ERROR;
				CLANG_WARN_QUOTED_INCLUDE_IN_FRAMEWORK_HEADER = YES;
				CLANG_WARN_RANGE_LOOP_ANALYSIS = YES;
				CLANG_WARN_STRICT_PROTOTYPES = YES;
				CLANG_WARN_SUSPICIOUS_MOVE = YES;
				CLANG_WARN_UNGUARDED_AVAILABILITY = YES_AGGRESSIVE;
				CLANG_WARN_UNREACHABLE_CODE = YES;
				CLANG_WARN__DUPLICATE_METHOD_MATCH = YES;
				COPY_PHASE_STRIP = NO;
				DEBUG_INFORMATION_FORMAT = dwarf;
				ENABLE_STRICT_OBJC_MSGSEND = YES;
				ENABLE_TESTABILITY = YES;
				GCC_C_LANGUAGE_STANDARD = gnu11;
				GCC_DYNAMIC_NO_PIC = NO;
				GCC_NO_COMMON_BLOCKS = YES;
				GCC_OPTIMIZATION_LEVEL = 0;
				GCC_PREPROCESSOR_DEFINITIONS = (
					"DEBUG=1",
					"$(inherited)",
				);
				GCC_WARN_64_TO_32_BIT_CONVERSION = YES;
				GCC_WARN_ABOUT_RETURN_TYPE = YES_ERROR;
				GCC_WARN_UNDECLARED_SELECTOR = YES;
				GCC_WARN_UNINITIALIZED_AUTOS = YES_AGGRESSIVE;
				GCC_WARN_UNUSED_FUNCTION = YES;
				GCC_WARN_UNUSED_VARIABLE = YES;
				MTL_ENABLE_DEBUG_INFO = INCLUDE_SOURCE;
				MTL_FAST_MATH = YES;
				ONLY_ACTIVE_ARCH = YES;
				SWIFT_ACTIVE_COMPILATION_CONDITIONS = DEBUG;
				SWIFT_OPTIMIZATION_LEVEL = "-Onone";
			};
			name = Debug;
		};
		B3B9EB3F2AC3EB9700FB0D0C /* Release */ = {
			isa = XCBuildConfiguration;
			buildSettings = {
				ALWAYS_SEARCH_USER_PATHS = NO;
				CLANG_ANALYZER_NONNULL = YES;
				CLANG_ANALYZER_NUMBER_OBJECT_CONVERSION = YES_AGGRESSIVE;
				CLANG_CXX_LANGUAGE_STANDARD = "gnu++20";
				CLANG_ENABLE_MODULES = YES;
				CLANG_ENABLE_OBJC_ARC = YES;
				CLANG_ENABLE_OBJC_WEAK = YES;
				CLANG_WARN_BLOCK_CAPTURE_AUTORELEASING = YES;
				CLANG_WARN_BOOL_CONVERSION = YES;
				CLANG_WARN_COMMA = YES;
				CLANG_WARN_CONSTANT_CONVERSION = YES;
				CLANG_WARN_DEPRECATED_OBJC_IMPLEMENTATIONS = YES;
				CLANG_WARN_DIRECT_OBJC_ISA_USAGE = YES_ERROR;
				CLANG_WARN_DOCUMENTATION_COMMENTS = YES;
				CLANG_WARN_EMPTY_BODY = YES;
				CLANG_WARN_ENUM_CONVERSION = YES;
				CLANG_WARN_INFINITE_RECURSION = YES;
				CLANG_WARN_INT_CONVERSION = YES;
				CLANG_WARN_NON_LITERAL_NULL_CONVERSION = YES;
				CLANG_WARN_OBJC_IMPLICIT_RETAIN_SELF = YES;
				CLANG_WARN_OBJC_LITERAL_CONVERSION = YES;
				CLANG_WARN_OBJC_ROOT_CLASS = YES_ERROR;
				CLANG_WARN_QUOTED_INCLUDE_IN_FRAMEWORK_HEADER = YES;
				CLANG_WARN_RANGE_LOOP_ANALYSIS = YES;
				CLANG_WARN_STRICT_PROTOTYPES = YES;
				CLANG_WARN_SUSPICIOUS_MOVE = YES;
				CLANG_WARN_UNGUARDED_AVAILABILITY = YES_AGGRESSIVE;
				CLANG_WARN_UNREACHABLE_CODE = YES;
				CLANG_WARN__DUPLICATE_METHOD_MATCH = YES;
				COPY_PHASE_STRIP = NO;
				DEBUG_INFORMATION_FORMAT = "dwarf-with-dsym";
				ENABLE_NS_ASSERTIONS = NO;
				ENABLE_STRICT_OBJC_MSGSEND = YES;
				GCC_C_LANGUAGE_STANDARD = gnu11;
				GCC_NO_COMMON_BLOCKS = YES;
				GCC_WARN_64_TO_32_BIT_CONVERSION = YES;
				GCC_WARN_ABOUT_RETURN_TYPE = YES_ERROR;
				GCC_WARN_UNDECLARED_SELECTOR = YES;
				GCC_WARN_UNINITIALIZED_AUTOS = YES_AGGRESSIVE;
				GCC_WARN_UNUSED_FUNCTION = YES;
				GCC_WARN_UNUSED_VARIABLE = YES;
				MTL_ENABLE_DEBUG_INFO = NO;
				MTL_FAST_MATH = YES;
				SWIFT_COMPILATION_MODE = wholemodule;
				SWIFT_OPTIMIZATION_LEVEL = "-O";
			};
			name = Release;
		};
		B3B9EB412AC3EB9700FB0D0C /* Debug */ = {
			isa = XCBuildConfiguration;
			baseConfigurationReference = 04CAE6FC71299A00BA744EA9 /* Pods-KTPinBlockSample.debug.xcconfig */;
			buildSettings = {
				ASSETCATALOG_COMPILER_APPICON_NAME = AppIcon;
				ASSETCATALOG_COMPILER_GLOBAL_ACCENT_COLOR_NAME = AccentColor;
				CODE_SIGN_ENTITLEMENTS = KTPinBlockSample/KTPinBlockSample.entitlements;
				CODE_SIGN_STYLE = Automatic;
				CURRENT_PROJECT_VERSION = 1;
				DEVELOPMENT_ASSET_PATHS = "\"KTPinBlockSample/Preview Content\"";
				DEVELOPMENT_TEAM = AKGR9TT483;
				ENABLE_HARDENED_RUNTIME = YES;
				ENABLE_PREVIEWS = YES;
				GENERATE_INFOPLIST_FILE = YES;
				"INFOPLIST_KEY_UIApplicationSceneManifest_Generation[sdk=iphoneos*]" = YES;
				"INFOPLIST_KEY_UIApplicationSceneManifest_Generation[sdk=iphonesimulator*]" = YES;
				"INFOPLIST_KEY_UIApplicationSupportsIndirectInputEvents[sdk=iphoneos*]" = YES;
				"INFOPLIST_KEY_UIApplicationSupportsIndirectInputEvents[sdk=iphonesimulator*]" = YES;
				"INFOPLIST_KEY_UILaunchScreen_Generation[sdk=iphoneos*]" = YES;
				"INFOPLIST_KEY_UILaunchScreen_Generation[sdk=iphonesimulator*]" = YES;
				"INFOPLIST_KEY_UIStatusBarStyle[sdk=iphoneos*]" = UIStatusBarStyleDefault;
				"INFOPLIST_KEY_UIStatusBarStyle[sdk=iphonesimulator*]" = UIStatusBarStyleDefault;
				INFOPLIST_KEY_UISupportedInterfaceOrientations_iPad = "UIInterfaceOrientationPortrait UIInterfaceOrientationPortraitUpsideDown UIInterfaceOrientationLandscapeLeft UIInterfaceOrientationLandscapeRight";
				INFOPLIST_KEY_UISupportedInterfaceOrientations_iPhone = "UIInterfaceOrientationPortrait UIInterfaceOrientationLandscapeLeft UIInterfaceOrientationLandscapeRight";
				IPHONEOS_DEPLOYMENT_TARGET = 16.4;
				LD_RUNPATH_SEARCH_PATHS = "@executable_path/Frameworks";
				"LD_RUNPATH_SEARCH_PATHS[sdk=macosx*]" = "@executable_path/../Frameworks";
				MACOSX_DEPLOYMENT_TARGET = 13.3;
				MARKETING_VERSION = 1.0;
				PRODUCT_BUNDLE_IDENTIFIER = org.superarts.ios.KTPinBlockSample;
				PRODUCT_NAME = "$(TARGET_NAME)";
				SDKROOT = auto;
				SUPPORTED_PLATFORMS = "iphoneos iphonesimulator macosx";
				SWIFT_EMIT_LOC_STRINGS = YES;
				SWIFT_VERSION = 5.0;
				TARGETED_DEVICE_FAMILY = "1,2";
			};
			name = Debug;
		};
		B3B9EB422AC3EB9700FB0D0C /* Release */ = {
			isa = XCBuildConfiguration;
			baseConfigurationReference = E53F794492F14AF47A79A541 /* Pods-KTPinBlockSample.release.xcconfig */;
			buildSettings = {
				ASSETCATALOG_COMPILER_APPICON_NAME = AppIcon;
				ASSETCATALOG_COMPILER_GLOBAL_ACCENT_COLOR_NAME = AccentColor;
				CODE_SIGN_ENTITLEMENTS = KTPinBlockSample/KTPinBlockSample.entitlements;
				CODE_SIGN_STYLE = Automatic;
				CURRENT_PROJECT_VERSION = 1;
				DEVELOPMENT_ASSET_PATHS = "\"KTPinBlockSample/Preview Content\"";
				DEVELOPMENT_TEAM = AKGR9TT483;
				ENABLE_HARDENED_RUNTIME = YES;
				ENABLE_PREVIEWS = YES;
				GENERATE_INFOPLIST_FILE = YES;
				"INFOPLIST_KEY_UIApplicationSceneManifest_Generation[sdk=iphoneos*]" = YES;
				"INFOPLIST_KEY_UIApplicationSceneManifest_Generation[sdk=iphonesimulator*]" = YES;
				"INFOPLIST_KEY_UIApplicationSupportsIndirectInputEvents[sdk=iphoneos*]" = YES;
				"INFOPLIST_KEY_UIApplicationSupportsIndirectInputEvents[sdk=iphonesimulator*]" = YES;
				"INFOPLIST_KEY_UILaunchScreen_Generation[sdk=iphoneos*]" = YES;
				"INFOPLIST_KEY_UILaunchScreen_Generation[sdk=iphonesimulator*]" = YES;
				"INFOPLIST_KEY_UIStatusBarStyle[sdk=iphoneos*]" = UIStatusBarStyleDefault;
				"INFOPLIST_KEY_UIStatusBarStyle[sdk=iphonesimulator*]" = UIStatusBarStyleDefault;
				INFOPLIST_KEY_UISupportedInterfaceOrientations_iPad = "UIInterfaceOrientationPortrait UIInterfaceOrientationPortraitUpsideDown UIInterfaceOrientationLandscapeLeft UIInterfaceOrientationLandscapeRight";
				INFOPLIST_KEY_UISupportedInterfaceOrientations_iPhone = "UIInterfaceOrientationPortrait UIInterfaceOrientationLandscapeLeft UIInterfaceOrientationLandscapeRight";
				IPHONEOS_DEPLOYMENT_TARGET = 16.4;
				LD_RUNPATH_SEARCH_PATHS = "@executable_path/Frameworks";
				"LD_RUNPATH_SEARCH_PATHS[sdk=macosx*]" = "@executable_path/../Frameworks";
				MACOSX_DEPLOYMENT_TARGET = 13.3;
				MARKETING_VERSION = 1.0;
				PRODUCT_BUNDLE_IDENTIFIER = org.superarts.ios.KTPinBlockSample;
				PRODUCT_NAME = "$(TARGET_NAME)";
				SDKROOT = auto;
				SUPPORTED_PLATFORMS = "iphoneos iphonesimulator macosx";
				SWIFT_EMIT_LOC_STRINGS = YES;
				SWIFT_VERSION = 5.0;
				TARGETED_DEVICE_FAMILY = "1,2";
			};
			name = Release;
		};
		B3B9EB442AC3EB9700FB0D0C /* Debug */ = {
			isa = XCBuildConfiguration;
			buildSettings = {
				ALWAYS_EMBED_SWIFT_STANDARD_LIBRARIES = YES;
				BUNDLE_LOADER = "$(TEST_HOST)";
				CODE_SIGN_STYLE = Automatic;
				CURRENT_PROJECT_VERSION = 1;
				DEVELOPMENT_TEAM = AKGR9TT483;
				GENERATE_INFOPLIST_FILE = YES;
				IPHONEOS_DEPLOYMENT_TARGET = 16.4;
				MACOSX_DEPLOYMENT_TARGET = 13.3;
				MARKETING_VERSION = 1.0;
				PRODUCT_BUNDLE_IDENTIFIER = org.superarts.ios.KTPinBlockSampleTests;
				PRODUCT_NAME = "$(TARGET_NAME)";
				SDKROOT = auto;
				SUPPORTED_PLATFORMS = "iphoneos iphonesimulator macosx";
				SWIFT_EMIT_LOC_STRINGS = NO;
				SWIFT_VERSION = 5.0;
				TARGETED_DEVICE_FAMILY = "1,2";
				TEST_HOST = "$(BUILT_PRODUCTS_DIR)/KTPinBlockSample.app/$(BUNDLE_EXECUTABLE_FOLDER_PATH)/KTPinBlockSample";
			};
			name = Debug;
		};
		B3B9EB452AC3EB9700FB0D0C /* Release */ = {
			isa = XCBuildConfiguration;
			buildSettings = {
				ALWAYS_EMBED_SWIFT_STANDARD_LIBRARIES = YES;
				BUNDLE_LOADER = "$(TEST_HOST)";
				CODE_SIGN_STYLE = Automatic;
				CURRENT_PROJECT_VERSION = 1;
				DEVELOPMENT_TEAM = AKGR9TT483;
				GENERATE_INFOPLIST_FILE = YES;
				IPHONEOS_DEPLOYMENT_TARGET = 16.4;
				MACOSX_DEPLOYMENT_TARGET = 13.3;
				MARKETING_VERSION = 1.0;
				PRODUCT_BUNDLE_IDENTIFIER = org.superarts.ios.KTPinBlockSampleTests;
				PRODUCT_NAME = "$(TARGET_NAME)";
				SDKROOT = auto;
				SUPPORTED_PLATFORMS = "iphoneos iphonesimulator macosx";
				SWIFT_EMIT_LOC_STRINGS = NO;
				SWIFT_VERSION = 5.0;
				TARGETED_DEVICE_FAMILY = "1,2";
				TEST_HOST = "$(BUILT_PRODUCTS_DIR)/KTPinBlockSample.app/$(BUNDLE_EXECUTABLE_FOLDER_PATH)/KTPinBlockSample";
			};
			name = Release;
		};
		B3B9EB472AC3EB9700FB0D0C /* Debug */ = {
			isa = XCBuildConfiguration;
			buildSettings = {
				ALWAYS_EMBED_SWIFT_STANDARD_LIBRARIES = YES;
				CODE_SIGN_STYLE = Automatic;
				CURRENT_PROJECT_VERSION = 1;
				DEVELOPMENT_TEAM = AKGR9TT483;
				GENERATE_INFOPLIST_FILE = YES;
				IPHONEOS_DEPLOYMENT_TARGET = 16.4;
				MACOSX_DEPLOYMENT_TARGET = 13.3;
				MARKETING_VERSION = 1.0;
				PRODUCT_BUNDLE_IDENTIFIER = org.superarts.ios.KTPinBlockSampleUITests;
				PRODUCT_NAME = "$(TARGET_NAME)";
				SDKROOT = auto;
				SUPPORTED_PLATFORMS = "iphoneos iphonesimulator macosx";
				SWIFT_EMIT_LOC_STRINGS = NO;
				SWIFT_VERSION = 5.0;
				TARGETED_DEVICE_FAMILY = "1,2";
				TEST_TARGET_NAME = KTPinBlockSample;
			};
			name = Debug;
		};
		B3B9EB482AC3EB9700FB0D0C /* Release */ = {
			isa = XCBuildConfiguration;
			buildSettings = {
				ALWAYS_EMBED_SWIFT_STANDARD_LIBRARIES = YES;
				CODE_SIGN_STYLE = Automatic;
				CURRENT_PROJECT_VERSION = 1;
				DEVELOPMENT_TEAM = AKGR9TT483;
				GENERATE_INFOPLIST_FILE = YES;
				IPHONEOS_DEPLOYMENT_TARGET = 16.4;
				MACOSX_DEPLOYMENT_TARGET = 13.3;
				MARKETING_VERSION = 1.0;
				PRODUCT_BUNDLE_IDENTIFIER = org.superarts.ios.KTPinBlockSampleUITests;
				PRODUCT_NAME = "$(TARGET_NAME)";
				SDKROOT = auto;
				SUPPORTED_PLATFORMS = "iphoneos iphonesimulator macosx";
				SWIFT_EMIT_LOC_STRINGS = NO;
				SWIFT_VERSION = 5.0;
				TARGETED_DEVICE_FAMILY = "1,2";
				TEST_TARGET_NAME = KTPinBlockSample;
			};
			name = Release;
		};
/* End XCBuildConfiguration section */

/* Begin XCConfigurationList section */
		B3B9EB162AC3EB9400FB0D0C /* Build configuration list for PBXProject "KTPinBlockSample" */ = {
			isa = XCConfigurationList;
			buildConfigurations = (
				B3B9EB3E2AC3EB9700FB0D0C /* Debug */,
				B3B9EB3F2AC3EB9700FB0D0C /* Release */,
			);
			defaultConfigurationIsVisible = 0;
			defaultConfigurationName = Release;
		};
		B3B9EB402AC3EB9700FB0D0C /* Build configuration list for PBXNativeTarget "KTPinBlockSample" */ = {
			isa = XCConfigurationList;
			buildConfigurations = (
				B3B9EB412AC3EB9700FB0D0C /* Debug */,
				B3B9EB422AC3EB9700FB0D0C /* Release */,
			);
			defaultConfigurationIsVisible = 0;
			defaultConfigurationName = Release;
		};
		B3B9EB432AC3EB9700FB0D0C /* Build configuration list for PBXNativeTarget "KTPinBlockSampleTests" */ = {
			isa = XCConfigurationList;
			buildConfigurations = (
				B3B9EB442AC3EB9700FB0D0C /* Debug */,
				B3B9EB452AC3EB9700FB0D0C /* Release */,
			);
			defaultConfigurationIsVisible = 0;
			defaultConfigurationName = Release;
		};
		B3B9EB462AC3EB9700FB0D0C /* Build configuration list for PBXNativeTarget "KTPinBlockSampleUITests" */ = {
			isa = XCConfigurationList;
			buildConfigurations = (
				B3B9EB472AC3EB9700FB0D0C /* Debug */,
				B3B9EB482AC3EB9700FB0D0C /* Release */,
			);
			defaultConfigurationIsVisible = 0;
			defaultConfigurationName = Release;
		};
/* End XCConfigurationList section */
	};
	rootObject = B3B9EB132AC3EB9400FB0D0C /* Project object */;
}
