{
  "name": "ktpinblock-coder",
  "version": "1.0.0",
  "lockfileVersion": 3,
  "requires": true,
  "packages": {
    "": {
      "name": "ktpinblock-coder",
      "version": "1.0.0",
      "license": "ISC",
      "dependencies": {
        "ktpinblock-ktpinblock": "file:../../ktpinblock/build/js/packages/ktpinblock-ktpinblock",
        "ktpinblock-ktpinblock-test": "file:../../ktpinblock/build/js/packages/ktpinblock-ktpinblock-test"
      }
    },
    "../../ktpinblock/build/js/packages/ktpinblock-ktpinblock": {
      "version": "1.0.0",
      "devDependencies": {
        "typescript": "4.7.4"
      }
    },
    "../../ktpinblock/build/js/packages/ktpinblock-ktpinblock-test": {
      "version": "1.0.0",
      "devDependencies": {
        "format-util": "1.0.5",
        "karma": "6.4.0",
        "karma-chrome-launcher": "3.1.1",
        "karma-mocha": "2.0.1",
        "karma-sourcemap-loader": "0.3.8",
        "karma-webpack": "5.0.0",
        "mocha": "10.0.0",
        "source-map-loader": "4.0.0",
        "typescript": "4.7.4",
        "webpack": "5.74.0",
        "webpack-cli": "4.10.0"
      }
    },
    "node_modules/ktpinblock-ktpinblock": {
      "resolved": "../../ktpinblock/build/js/packages/ktpinblock-ktpinblock",
      "link": true
    },
    "node_modules/ktpinblock-ktpinblock-test": {
      "resolved": "../../ktpinblock/build/js/packages/ktpinblock-ktpinblock-test",
      "link": true
    }
  }
}
