{
  "name": "pinblock",
  "lockfileVersion": 3,
  "requires": true,
  "packages": {
    "": {
      "dependencies": {
        "data-crypto": "^1.4.4"
      }
    },
    "node_modules/data-crypto": {
      "version": "1.4.4",
      "resolved": "https://registry.npmjs.org/data-crypto/-/data-crypto-1.4.4.tgz",
      "integrity": "sha512-AWtvAfGXF08fY2dOM7Hr3dHDNhJ6RG91cSW1+3D+XR/gO2x/oHN3hdepUInlnvjTF46+KAh1xScDImXIHKKBbA=="
    }
  }
}
